{"format":"dinkster.lock/1","packs":[{"artifactDigest":"sha256:a77107ea1863d2f414819c88116fc6c82bcf147d038afb2a047cee7fd3632d65","claims":["std","dinkster"],"pack":"dinkster-nodes-foundation","publisher":"dinkster","source":"python:dinkster-nodes-foundation==0.0.1","version":"0.0.1"},{"artifactDigest":"sha256:3aa82d98f846359378cc6bb045b50c39026e98feb8389b289910d4273588346a","claims":["dinkster"],"pack":"dinkster-nodes-media-io","publisher":"dinkster","source":"python:dinkster-nodes-media-io==0.0.1","version":"0.0.1"},{"artifactDigest":"sha256:cbf2b73dd6e454bbea3c3266a51486817a9cbbf55e9d3ed61fbedd29573ce688","claims":["dinkster"],"pack":"dinkster-nodes-image","publisher":"dinkster","source":"python:dinkster-nodes-image==0.0.1","version":"0.0.1"},{"artifactDigest":"sha256:0c90459042759de51d09a1977593195535facf3b4c4e1ad5632ae6e721469d4b","claims":["dinkster-remote"],"pack":"dinkster-nodes-remote","publisher":"dinkster","source":"python:dinkster-nodes-remote==0.0.1","version":"0.0.1"},{"artifactDigest":"sha256:54f916f0e6695d0496339671e1e07cbb6f43c8226eadaa43fcf65ccc240480f1","claims":[],"pack":"dinkster-vision-birefnet","publisher":"dinkster","source":"python:dinkster-nodes-vision==0.0.1","version":"0.0.1"},{"artifactDigest":"sha256:3ebf57269feae5ce1a247b5bb675daedd66d3870af135ee694447c573eabeeec","claims":[],"pack":"dinkster-vision-depth-anything-v2","publisher":"dinkster","source":"python:dinkster-nodes-vision==0.0.1","version":"0.0.1"},{"artifactDigest":"sha256:eb6963ff0feb2ab0258b47bda0d07fcaca1c053230246b7e7eb3e884bf7fbfea","claims":[],"pack":"dinkster-vision-depth-anything-v3","publisher":"dinkster","source":"python:dinkster-nodes-vision==0.0.1","version":"0.0.1"},{"artifactDigest":"sha256:f24235673ee331e7dc61d8240c315f7c4bbe0416b8843b18a567c86b9315c0fa","claims":[],"pack":"dinkster-vision-detr","publisher":"dinkster","source":"python:dinkster-nodes-vision==0.0.1","version":"0.0.1"},{"artifactDigest":"sha256:cea133b30c9213cd3575c465c299c350cb06703d9c3fccedd02324f3754464de","claims":[],"pack":"dinkster-vision-efficient-sam","publisher":"dinkster","source":"python:dinkster-nodes-vision==0.0.1","version":"0.0.1"},{"artifactDigest":"sha256:6badee4196df5ec5e7e73ea7729229921d08353b9c98c1ed3ca0c5c79d73d9af","claims":[],"pack":"dinkster-vision-hed","publisher":"dinkster","source":"python:dinkster-nodes-vision==0.0.1","version":"0.0.1"},{"artifactDigest":"sha256:c5ae0593d8e2d1bd25014d4dcc1d5e0950c2540d6612b9cfb6cecddfe67451d5","claims":[],"pack":"dinkster-vision-rtdetr","publisher":"dinkster","source":"python:dinkster-nodes-vision==0.0.1","version":"0.0.1"},{"artifactDigest":"sha256:85974684ee840671d17b2253d8e35f089df4763afc09178b5ee7eb76d18355c8","claims":[],"pack":"dinkster-vision-sam31","publisher":"dinkster","source":"python:dinkster-nodes-vision==0.0.1","version":"0.0.1"},{"artifactDigest":"sha256:262bcdd1bc8497e6432c31d62a60fd1c9b8d2fba5f93ec8877e864b8a4e1b2cd","claims":[],"pack":"dinkster-vision-upscale","publisher":"dinkster","source":"python:dinkster-nodes-vision==0.0.1","version":"0.0.1"}]}
