{"format":"dinkster.lock/1","packs":[{"artifactDigest":"sha256:85dd36f2bb7ccbd94a7d8ce769a72dd8974b83183a9db31fa68cb91f98f3fc8f","claims":["std","dinkster"],"pack":"dinkster-nodes-foundation","publisher":"dinkster","source":"python:dinkster-nodes-foundation==0.0.1","version":"0.0.1"},{"artifactDigest":"sha256:6fe365fabc7a5b853b66b4d67f77e575ae918b6cedd903a6c461f74c591a31d0","claims":["dinkster"],"pack":"dinkster-nodes-media-io","publisher":"dinkster","source":"python:dinkster-nodes-media-io==0.0.1","version":"0.0.1"},{"artifactDigest":"sha256:3d126cbf7fb4daa775c517885b96a93f0dff10aafed69facd48c834189405039","claims":["dinkster"],"pack":"dinkster-nodes-image","publisher":"dinkster","source":"python:dinkster-nodes-image==0.0.1","version":"0.0.1"},{"artifactDigest":"sha256:21e7bf193ff9c19c964b8f1897864da8fc309398ee4f7d1ab77ba9d644faf15e","claims":["dinkster-remote"],"pack":"dinkster-nodes-remote","publisher":"dinkster","source":"python:dinkster-nodes-remote==0.0.1","version":"0.0.1"},{"artifactDigest":"sha256:54f916f0e6695d0496339671e1e07cbb6f43c8226eadaa43fcf65ccc240480f1","claims":[],"pack":"dinkster-vision-birefnet","publisher":"dinkster","source":"python:dinkster-nodes-vision==0.0.1","version":"0.0.1"},{"artifactDigest":"sha256:d2a92754dfb9f1967378ed4695fa23e2811b878e3917c74694065b57d6d567cd","claims":[],"pack":"dinkster-vision-depth-anything-v2","publisher":"dinkster","source":"python:dinkster-nodes-vision==0.0.1","version":"0.0.1"},{"artifactDigest":"sha256:eb6963ff0feb2ab0258b47bda0d07fcaca1c053230246b7e7eb3e884bf7fbfea","claims":[],"pack":"dinkster-vision-depth-anything-v3","publisher":"dinkster","source":"python:dinkster-nodes-vision==0.0.1","version":"0.0.1"},{"artifactDigest":"sha256:f24235673ee331e7dc61d8240c315f7c4bbe0416b8843b18a567c86b9315c0fa","claims":[],"pack":"dinkster-vision-detr","publisher":"dinkster","source":"python:dinkster-nodes-vision==0.0.1","version":"0.0.1"},{"artifactDigest":"sha256:cea133b30c9213cd3575c465c299c350cb06703d9c3fccedd02324f3754464de","claims":[],"pack":"dinkster-vision-efficient-sam","publisher":"dinkster","source":"python:dinkster-nodes-vision==0.0.1","version":"0.0.1"},{"artifactDigest":"sha256:6badee4196df5ec5e7e73ea7729229921d08353b9c98c1ed3ca0c5c79d73d9af","claims":[],"pack":"dinkster-vision-hed","publisher":"dinkster","source":"python:dinkster-nodes-vision==0.0.1","version":"0.0.1"},{"artifactDigest":"sha256:c5ae0593d8e2d1bd25014d4dcc1d5e0950c2540d6612b9cfb6cecddfe67451d5","claims":[],"pack":"dinkster-vision-rtdetr","publisher":"dinkster","source":"python:dinkster-nodes-vision==0.0.1","version":"0.0.1"},{"artifactDigest":"sha256:85974684ee840671d17b2253d8e35f089df4763afc09178b5ee7eb76d18355c8","claims":[],"pack":"dinkster-vision-sam31","publisher":"dinkster","source":"python:dinkster-nodes-vision==0.0.1","version":"0.0.1"},{"artifactDigest":"sha256:262bcdd1bc8497e6432c31d62a60fd1c9b8d2fba5f93ec8877e864b8a4e1b2cd","claims":[],"pack":"dinkster-vision-upscale","publisher":"dinkster","source":"python:dinkster-nodes-vision==0.0.1","version":"0.0.1"}]}
