{"format":"dinkster.lock/1","packs":[{"artifactDigest":"blake3:4b2babc83d81f1275238b69031fd1c8a5e5aed07065ed75b56fc432c23a8f064","claims":["std","dinkster"],"pack":"dinkster-nodes-foundation","publisher":"dinkster","source":"python:dinkster-nodes-foundation==0.0.1","version":"0.0.1"},{"artifactDigest":"blake3:89fc8de3ac0477fad3622c57fbc884facb6546125757115eb6bdb9223530892f","claims":["dinkster"],"pack":"dinkster-nodes-media-io","publisher":"dinkster","source":"python:dinkster-nodes-media-io==0.0.1","version":"0.0.1"},{"artifactDigest":"blake3:2f872d26be5cf8dc3a592384e22fe3d227f516e93f1313d49dc8a3354bbad3cb","claims":["dinkster"],"pack":"dinkster-nodes-image","publisher":"dinkster","source":"python:dinkster-nodes-image==0.0.1","version":"0.0.1"},{"artifactDigest":"blake3:4685f09942fd5d6a3d85bb559f42fd99d69484dd8f6253f5dda0f2a1c3e7be39","claims":["dinkster-remote"],"pack":"dinkster-nodes-remote","publisher":"dinkster","source":"python:dinkster-nodes-remote==0.0.1","version":"0.0.1"},{"artifactDigest":"blake3:101dd1046f3a32a6012dfec3185ed03ceda693d18b9e74db196fa2ec1734586c","claims":[],"pack":"dinkster-vision-birefnet","publisher":"dinkster","source":"python:dinkster-nodes-vision==0.0.1","version":"0.0.1"},{"artifactDigest":"blake3:417269f9ed32250ec006195f8cac933ce9139499406e21d4972ffad55862991b","claims":[],"pack":"dinkster-vision-depth-anything-v2","publisher":"dinkster","source":"python:dinkster-nodes-vision==0.0.1","version":"0.0.1"},{"artifactDigest":"blake3:4ff2c6c094eb36bd518d78f0231e986a8e9edb2a266a500dc5c687c9016b45ab","claims":[],"pack":"dinkster-vision-depth-anything-v3","publisher":"dinkster","source":"python:dinkster-nodes-vision==0.0.1","version":"0.0.1"},{"artifactDigest":"blake3:f9752e762d668a485bc5e9ac822ed1700a2f6c704c0abf32b9f9635132369a4c","claims":[],"pack":"dinkster-vision-detr","publisher":"dinkster","source":"python:dinkster-nodes-vision==0.0.1","version":"0.0.1"},{"artifactDigest":"blake3:f6938097f8069ba075144ac5d4a52d0b025b02f98b08533791e18cea40804f55","claims":[],"pack":"dinkster-vision-efficient-sam","publisher":"dinkster","source":"python:dinkster-nodes-vision==0.0.1","version":"0.0.1"},{"artifactDigest":"blake3:0421374ac24c9b910a97fc5a5b2982c681b9785ddbeb415f27a08b934bfc1a48","claims":[],"pack":"dinkster-vision-hed","publisher":"dinkster","source":"python:dinkster-nodes-vision==0.0.1","version":"0.0.1"},{"artifactDigest":"blake3:6b354291798972bf04d0e2979db43a27e1b5e8fc43acbb850f8724114f4d60ef","claims":[],"pack":"dinkster-vision-rtdetr","publisher":"dinkster","source":"python:dinkster-nodes-vision==0.0.1","version":"0.0.1"},{"artifactDigest":"blake3:fa5cf589fde6c8f538932dd426fcd61336729e935f9c4ff6c2727191e31f5aab","claims":[],"pack":"dinkster-vision-sam31","publisher":"dinkster","source":"python:dinkster-nodes-vision==0.0.1","version":"0.0.1"},{"artifactDigest":"blake3:f7b931beb6cc2d2e322f988266bd708212b78f2b3b3879e1f03b30b11604ca2b","claims":[],"pack":"dinkster-vision-upscale","publisher":"dinkster","source":"python:dinkster-nodes-vision==0.0.1","version":"0.0.1"}]}
